
Microsoft Visual Studio Solution File, Format Version 12.00
# Visual Studio Version 16
VisualStudioVersion = 16.0.31729.503
MinimumVisualStudioVersion = 10.0.40219.1
Project("{FAE04EC0-301F-11D3-BF4B-00C04F79EFBC}") = "WebApplication1", "WebApplication1.csproj", "{9F6E98CA-D060-4852-BA0A-28710BB8119C}"
EndProject
Global
	GlobalSection(SolutionConfigurationPlatforms) = preSolution
		Debug|Any CPU = Debug|Any CPU
		Release|Any CPU = Release|Any CPU
	EndGlobalSection
	GlobalSection(ProjectConfigurationPlatforms) = postSolution
		{9F6E98CA-D060-4852-BA0A-28710BB8119C}.Debug|Any CPU.ActiveCfg = Debug|Any CPU
		{9F6E98CA-D060-4852-BA0A-28710BB8119C}.Debug|Any CPU.Build.0 = Debug|Any CPU
		{9F6E98CA-D060-4852-BA0A-28710BB8119C}.Release|Any CPU.ActiveCfg = Release|Any CPU
		{9F6E98CA-D060-4852-BA0A-28710BB8119C}.Release|Any CPU.Build.0 = Release|Any CPU
	EndGlobalSection
	GlobalSection(SolutionProperties) = preSolution
		HideSolutionNode = FALSE
	EndGlobalSection
	GlobalSection(ExtensibilityGlobals) = postSolution
		SolutionGuid = {6DA78649-C0AF-4CB1-86F1-8AAE238C9FF4}
	EndGlobalSection
EndGlobal
